dependencies:
- name: postgresql
  repository: https://charts.bitnami.com/bitnami
  version: 11.1.26
- name: postgrest
  repository: https://thecampagnards.github.io/helm-charts
  version: 0.1.6
- name: vault
  repository: https://helm.releases.hashicorp.com
  version: 0.19.0
- name: nginx
  repository: https://charts.bitnami.com/bitnami
  version: 10.2.1
digest: sha256:804488d882ff192270f453d0e1eff462baa8b46ea13f25165f6ab21b8f636947
generated: "2022-05-03T17:58:15.892846531Z"
